
Microsoft Visual Studio Solution File, Format Version 12.00
# Visual Studio Version 16
VisualStudioVersion = 16.0.30611.23
MinimumVisualStudioVersion = 10.0.40219.1
Project("{8BC9CEB8-8B4A-11D0-8D11-00A0C91BC942}") = "MyTestEnv", "MyTestEnv\MyTestEnv.vcxproj", "{6E2D986E-08F1-4EE1-B653-AA75113F38C8}"
EndProject
Project("{2150E333-8FDC-42A3-9474-1A3956D46DE8}") = "Solution Items", "Solution Items", "{9D2FC269-91A4-41CA-A5D8-979B8F15CD7F}"
	ProjectSection(SolutionItems) = preProject
		README.md = README.md
	EndProjectSection
EndProject
Project("{8BC9CEB8-8B4A-11D0-8D11-00A0C91BC942}") = "DS_Graph_Prim", "DS_Graph_Prim\DS_Graph_Prim.vcxproj", "{F1372652-06FF-4396-A416-58A1CA6B2D17}"
EndProject
Project("{8BC9CEB8-8B4A-11D0-8D11-00A0C91BC942}") = "DS_Stack_Larry", "DS_Stack_Larry\DS_Stack_Larry.vcxproj", "{AE68B8C7-7DEB-4239-87C9-951696299FE3}"
EndProject
Project("{8BC9CEB8-8B4A-11D0-8D11-00A0C91BC942}") = "QN67", "QN67\QN67.vcxproj", "{02399190-43F9-4EFB-B438-69A910469BC1}"
EndProject
Project("{8BC9CEB8-8B4A-11D0-8D11-00A0C91BC942}") = "QN30", "QN30\QN30.vcxproj", "{D5EE5F75-6190-4AC0-8722-4AEB5688FB5C}"
EndProject
Project("{8BC9CEB8-8B4A-11D0-8D11-00A0C91BC942}") = "QN52", "QN52\QN52.vcxproj", "{99717BB2-C69A-4E43-8567-F5A79EA81C90}"
EndProject
Project("{8BC9CEB8-8B4A-11D0-8D11-00A0C91BC942}") = "QN22", "QN22\QN22.vcxproj", "{96DEF890-5899-4556-9FAC-B8D8437D2166}"
EndProject
Project("{8BC9CEB8-8B4A-11D0-8D11-00A0C91BC942}") = "Hello", "Hello\Hello.vcxproj", "{3040E830-5BEE-44E8-9B6C-4F9B740AF972}"
EndProject
Project("{2150E333-8FDC-42A3-9474-1A3956D46DE8}") = "oj_io", "oj_io", "{E2F6E6E5-7ABC-4333-9681-864C376D1A6E}"
EndProject
Project("{8BC9CEB8-8B4A-11D0-8D11-00A0C91BC942}") = "oj_io_char_01", "oj_io_char_01\oj_io_char_01.vcxproj", "{6F114F67-5D1C-4114-BD4E-A1C6FE1125F6}"
EndProject
Project("{2150E333-8FDC-42A3-9474-1A3956D46DE8}") = "test", "test", "{1C7875F9-EAB0-4A84-8620-D3ABC65F6524}"
EndProject
Project("{2150E333-8FDC-42A3-9474-1A3956D46DE8}") = "datastructure", "datastructure", "{94992FF7-7DB1-46B1-8980-A9A198068600}"
EndProject
Project("{2150E333-8FDC-42A3-9474-1A3956D46DE8}") = "algorithm", "algorithm", "{50C9FE9B-4950-4AD7-B684-F85B4970E7D3}"
EndProject
Project("{2150E333-8FDC-42A3-9474-1A3956D46DE8}") = "cpp_bju", "cpp_bju", "{71ECF1C5-21BB-4B8E-8BCA-5B068D496180}"
EndProject
Project("{2150E333-8FDC-42A3-9474-1A3956D46DE8}") = "cpp_stl", "cpp_stl", "{0353A90E-A5E9-459D-8774-D651B4F536EE}"
EndProject
Project("{2150E333-8FDC-42A3-9474-1A3956D46DE8}") = "cpp_qianneng", "cpp_qianneng", "{E3651B55-4997-4271-A86C-D0AF28DD30C1}"
EndProject
Project("{2150E333-8FDC-42A3-9474-1A3956D46DE8}") = "oj_leetcode_70", "oj_leetcode_70", "{49F7D343-51AC-4A73-9F55-1C4EC3E4B22E}"
EndProject
Project("{2150E333-8FDC-42A3-9474-1A3956D46DE8}") = "oj_tianqin", "oj_tianqin", "{D72CB9EB-E8CA-4595-84BB-ACFC88163C0F}"
EndProject
Project("{2150E333-8FDC-42A3-9474-1A3956D46DE8}") = "cpp", "cpp", "{65193F2A-7853-4A4C-B575-6C711C2BC589}"
EndProject
Project("{8BC9CEB8-8B4A-11D0-8D11-00A0C91BC942}") = "cpp_operator_01", "cpp_operator_01\cpp_operator_01.vcxproj", "{1941224F-3A4C-47FE-BE0B-8E47E3A6A96C}"
EndProject
Project("{2150E333-8FDC-42A3-9474-1A3956D46DE8}") = "c", "c", "{373E4D2C-19C7-4AA2-A0D1-E5D9FA5E6D12}"
EndProject
Project("{8BC9CEB8-8B4A-11D0-8D11-00A0C91BC942}") = "c_hello", "c_hello\c_hello.vcxproj", "{767D818C-5322-4F7F-B116-22FC36BACEAC}"
EndProject
Global
	GlobalSection(SolutionConfigurationPlatforms) = preSolution
		Debug|x64 = Debug|x64
		Debug|x86 = Debug|x86
		Release|x64 = Release|x64
		Release|x86 = Release|x86
	EndGlobalSection
	GlobalSection(ProjectConfigurationPlatforms) = postSolution
		{6E2D986E-08F1-4EE1-B653-AA75113F38C8}.Debug|x64.ActiveCfg = Debug|x64
		{6E2D986E-08F1-4EE1-B653-AA75113F38C8}.Debug|x64.Build.0 = Debug|x64
		{6E2D986E-08F1-4EE1-B653-AA75113F38C8}.Debug|x86.ActiveCfg = Debug|Win32
		{6E2D986E-08F1-4EE1-B653-AA75113F38C8}.Debug|x86.Build.0 = Debug|Win32
		{6E2D986E-08F1-4EE1-B653-AA75113F38C8}.Release|x64.ActiveCfg = Release|x64
		{6E2D986E-08F1-4EE1-B653-AA75113F38C8}.Release|x64.Build.0 = Release|x64
		{6E2D986E-08F1-4EE1-B653-AA75113F38C8}.Release|x86.ActiveCfg = Release|Win32
		{6E2D986E-08F1-4EE1-B653-AA75113F38C8}.Release|x86.Build.0 = Release|Win32
		{F1372652-06FF-4396-A416-58A1CA6B2D17}.Debug|x64.ActiveCfg = Debug|x64
		{F1372652-06FF-4396-A416-58A1CA6B2D17}.Debug|x64.Build.0 = Debug|x64
		{F1372652-06FF-4396-A416-58A1CA6B2D17}.Debug|x86.ActiveCfg = Debug|Win32
		{F1372652-06FF-4396-A416-58A1CA6B2D17}.Debug|x86.Build.0 = Debug|Win32
		{F1372652-06FF-4396-A416-58A1CA6B2D17}.Release|x64.ActiveCfg = Release|x64
		{F1372652-06FF-4396-A416-58A1CA6B2D17}.Release|x64.Build.0 = Release|x64
		{F1372652-06FF-4396-A416-58A1CA6B2D17}.Release|x86.ActiveCfg = Release|Win32
		{F1372652-06FF-4396-A416-58A1CA6B2D17}.Release|x86.Build.0 = Release|Win32
		{AE68B8C7-7DEB-4239-87C9-951696299FE3}.Debug|x64.ActiveCfg = Debug|x64
		{AE68B8C7-7DEB-4239-87C9-951696299FE3}.Debug|x64.Build.0 = Debug|x64
		{AE68B8C7-7DEB-4239-87C9-951696299FE3}.Debug|x86.ActiveCfg = Debug|Win32
		{AE68B8C7-7DEB-4239-87C9-951696299FE3}.Debug|x86.Build.0 = Debug|Win32
		{AE68B8C7-7DEB-4239-87C9-951696299FE3}.Release|x64.ActiveCfg = Release|x64
		{AE68B8C7-7DEB-4239-87C9-951696299FE3}.Release|x64.Build.0 = Release|x64
		{AE68B8C7-7DEB-4239-87C9-951696299FE3}.Release|x86.ActiveCfg = Release|Win32
		{AE68B8C7-7DEB-4239-87C9-951696299FE3}.Release|x86.Build.0 = Release|Win32
		{02399190-43F9-4EFB-B438-69A910469BC1}.Debug|x64.ActiveCfg = Debug|x64
		{02399190-43F9-4EFB-B438-69A910469BC1}.Debug|x64.Build.0 = Debug|x64
		{02399190-43F9-4EFB-B438-69A910469BC1}.Debug|x86.ActiveCfg = Debug|Win32
		{02399190-43F9-4EFB-B438-69A910469BC1}.Debug|x86.Build.0 = Debug|Win32
		{02399190-43F9-4EFB-B438-69A910469BC1}.Release|x64.ActiveCfg = Release|x64
		{02399190-43F9-4EFB-B438-69A910469BC1}.Release|x64.Build.0 = Release|x64
		{02399190-43F9-4EFB-B438-69A910469BC1}.Release|x86.ActiveCfg = Release|Win32
		{02399190-43F9-4EFB-B438-69A910469BC1}.Release|x86.Build.0 = Release|Win32
		{D5EE5F75-6190-4AC0-8722-4AEB5688FB5C}.Debug|x64.ActiveCfg = Debug|x64
		{D5EE5F75-6190-4AC0-8722-4AEB5688FB5C}.Debug|x64.Build.0 = Debug|x64
		{D5EE5F75-6190-4AC0-8722-4AEB5688FB5C}.Debug|x86.ActiveCfg = Debug|Win32
		{D5EE5F75-6190-4AC0-8722-4AEB5688FB5C}.Debug|x86.Build.0 = Debug|Win32
		{D5EE5F75-6190-4AC0-8722-4AEB5688FB5C}.Release|x64.ActiveCfg = Release|x64
		{D5EE5F75-6190-4AC0-8722-4AEB5688FB5C}.Release|x64.Build.0 = Release|x64
		{D5EE5F75-6190-4AC0-8722-4AEB5688FB5C}.Release|x86.ActiveCfg = Release|Win32
		{D5EE5F75-6190-4AC0-8722-4AEB5688FB5C}.Release|x86.Build.0 = Release|Win32
		{99717BB2-C69A-4E43-8567-F5A79EA81C90}.Debug|x64.ActiveCfg = Debug|x64
		{99717BB2-C69A-4E43-8567-F5A79EA81C90}.Debug|x64.Build.0 = Debug|x64
		{99717BB2-C69A-4E43-8567-F5A79EA81C90}.Debug|x86.ActiveCfg = Debug|Win32
		{99717BB2-C69A-4E43-8567-F5A79EA81C90}.Debug|x86.Build.0 = Debug|Win32
		{99717BB2-C69A-4E43-8567-F5A79EA81C90}.Release|x64.ActiveCfg = Release|x64
		{99717BB2-C69A-4E43-8567-F5A79EA81C90}.Release|x64.Build.0 = Release|x64
		{99717BB2-C69A-4E43-8567-F5A79EA81C90}.Release|x86.ActiveCfg = Release|Win32
		{99717BB2-C69A-4E43-8567-F5A79EA81C90}.Release|x86.Build.0 = Release|Win32
		{96DEF890-5899-4556-9FAC-B8D8437D2166}.Debug|x64.ActiveCfg = Debug|x64
		{96DEF890-5899-4556-9FAC-B8D8437D2166}.Debug|x64.Build.0 = Debug|x64
		{96DEF890-5899-4556-9FAC-B8D8437D2166}.Debug|x86.ActiveCfg = Debug|Win32
		{96DEF890-5899-4556-9FAC-B8D8437D2166}.Debug|x86.Build.0 = Debug|Win32
		{96DEF890-5899-4556-9FAC-B8D8437D2166}.Release|x64.ActiveCfg = Release|x64
		{96DEF890-5899-4556-9FAC-B8D8437D2166}.Release|x64.Build.0 = Release|x64
		{96DEF890-5899-4556-9FAC-B8D8437D2166}.Release|x86.ActiveCfg = Release|Win32
		{96DEF890-5899-4556-9FAC-B8D8437D2166}.Release|x86.Build.0 = Release|Win32
		{3040E830-5BEE-44E8-9B6C-4F9B740AF972}.Debug|x64.ActiveCfg = Debug|x64
		{3040E830-5BEE-44E8-9B6C-4F9B740AF972}.Debug|x64.Build.0 = Debug|x64
		{3040E830-5BEE-44E8-9B6C-4F9B740AF972}.Debug|x86.ActiveCfg = Debug|Win32
		{3040E830-5BEE-44E8-9B6C-4F9B740AF972}.Debug|x86.Build.0 = Debug|Win32
		{3040E830-5BEE-44E8-9B6C-4F9B740AF972}.Release|x64.ActiveCfg = Release|x64
		{3040E830-5BEE-44E8-9B6C-4F9B740AF972}.Release|x64.Build.0 = Release|x64
		{3040E830-5BEE-44E8-9B6C-4F9B740AF972}.Release|x86.ActiveCfg = Release|Win32
		{3040E830-5BEE-44E8-9B6C-4F9B740AF972}.Release|x86.Build.0 = Release|Win32
		{6F114F67-5D1C-4114-BD4E-A1C6FE1125F6}.Debug|x64.ActiveCfg = Debug|x64
		{6F114F67-5D1C-4114-BD4E-A1C6FE1125F6}.Debug|x64.Build.0 = Debug|x64
		{6F114F67-5D1C-4114-BD4E-A1C6FE1125F6}.Debug|x86.ActiveCfg = Debug|Win32
		{6F114F67-5D1C-4114-BD4E-A1C6FE1125F6}.Debug|x86.Build.0 = Debug|Win32
		{6F114F67-5D1C-4114-BD4E-A1C6FE1125F6}.Release|x64.ActiveCfg = Release|x64
		{6F114F67-5D1C-4114-BD4E-A1C6FE1125F6}.Release|x64.Build.0 = Release|x64
		{6F114F67-5D1C-4114-BD4E-A1C6FE1125F6}.Release|x86.ActiveCfg = Release|Win32
		{6F114F67-5D1C-4114-BD4E-A1C6FE1125F6}.Release|x86.Build.0 = Release|Win32
		{1941224F-3A4C-47FE-BE0B-8E47E3A6A96C}.Debug|x64.ActiveCfg = Debug|x64
		{1941224F-3A4C-47FE-BE0B-8E47E3A6A96C}.Debug|x64.Build.0 = Debug|x64
		{1941224F-3A4C-47FE-BE0B-8E47E3A6A96C}.Debug|x86.ActiveCfg = Debug|Win32
		{1941224F-3A4C-47FE-BE0B-8E47E3A6A96C}.Debug|x86.Build.0 = Debug|Win32
		{1941224F-3A4C-47FE-BE0B-8E47E3A6A96C}.Release|x64.ActiveCfg = Release|x64
		{1941224F-3A4C-47FE-BE0B-8E47E3A6A96C}.Release|x64.Build.0 = Release|x64
		{1941224F-3A4C-47FE-BE0B-8E47E3A6A96C}.Release|x86.ActiveCfg = Release|Win32
		{1941224F-3A4C-47FE-BE0B-8E47E3A6A96C}.Release|x86.Build.0 = Release|Win32
		{767D818C-5322-4F7F-B116-22FC36BACEAC}.Debug|x64.ActiveCfg = Debug|x64
		{767D818C-5322-4F7F-B116-22FC36BACEAC}.Debug|x64.Build.0 = Debug|x64
		{767D818C-5322-4F7F-B116-22FC36BACEAC}.Debug|x86.ActiveCfg = Debug|Win32
		{767D818C-5322-4F7F-B116-22FC36BACEAC}.Debug|x86.Build.0 = Debug|Win32
		{767D818C-5322-4F7F-B116-22FC36BACEAC}.Release|x64.ActiveCfg = Release|x64
		{767D818C-5322-4F7F-B116-22FC36BACEAC}.Release|x64.Build.0 = Release|x64
		{767D818C-5322-4F7F-B116-22FC36BACEAC}.Release|x86.ActiveCfg = Release|Win32
		{767D818C-5322-4F7F-B116-22FC36BACEAC}.Release|x86.Build.0 = Release|Win32
	EndGlobalSection
	GlobalSection(SolutionProperties) = preSolution
		HideSolutionNode = FALSE
	EndGlobalSection
	GlobalSection(NestedProjects) = preSolution
		{F1372652-06FF-4396-A416-58A1CA6B2D17} = {94992FF7-7DB1-46B1-8980-A9A198068600}
		{AE68B8C7-7DEB-4239-87C9-951696299FE3} = {94992FF7-7DB1-46B1-8980-A9A198068600}
		{02399190-43F9-4EFB-B438-69A910469BC1} = {E3651B55-4997-4271-A86C-D0AF28DD30C1}
		{D5EE5F75-6190-4AC0-8722-4AEB5688FB5C} = {E3651B55-4997-4271-A86C-D0AF28DD30C1}
		{99717BB2-C69A-4E43-8567-F5A79EA81C90} = {E3651B55-4997-4271-A86C-D0AF28DD30C1}
		{96DEF890-5899-4556-9FAC-B8D8437D2166} = {E3651B55-4997-4271-A86C-D0AF28DD30C1}
		{3040E830-5BEE-44E8-9B6C-4F9B740AF972} = {1C7875F9-EAB0-4A84-8620-D3ABC65F6524}
		{6F114F67-5D1C-4114-BD4E-A1C6FE1125F6} = {E2F6E6E5-7ABC-4333-9681-864C376D1A6E}
		{1941224F-3A4C-47FE-BE0B-8E47E3A6A96C} = {65193F2A-7853-4A4C-B575-6C711C2BC589}
		{767D818C-5322-4F7F-B116-22FC36BACEAC} = {373E4D2C-19C7-4AA2-A0D1-E5D9FA5E6D12}
	EndGlobalSection
	GlobalSection(ExtensibilityGlobals) = postSolution
		SolutionGuid = {E1F0413F-4898-47FE-A0ED-6F6AE0B58D0B}
	EndGlobalSection
EndGlobal
